
Microsoft Visual Studio Solution File, Format Version 12.00
# Visual Studio Version 17
VisualStudioVersion = 17.0.31903.59
MinimumVisualStudioVersion = 10.0.40219.1
Project("{FAE04EC0-301F-11D3-BF4B-00C04F79EFBC}") = "MyOrderCart.BlazorUI", "src\MyOrderCart.BlazorUI\MyOrderCart.BlazorUI.csproj", "{062B6B9A-58C2-4CB9-9DD1-E10482055CC2}"
EndProject
Project("{2150E333-8FDC-42A3-9474-1A3956D46DE8}") = "src", "src", "{1FB76FBF-F5CC-478A-873F-78F33ED40DD1}"
EndProject
Project("{FAE04EC0-301F-11D3-BF4B-00C04F79EFBC}") = "MyOrderCart.Application", "src\MyOrderCart.Application\MyOrderCart.Application.csproj", "{9DFF4CD6-A746-42D5-BFA2-97593A266F3D}"
EndProject
Project("{FAE04EC0-301F-11D3-BF4B-00C04F79EFBC}") = "MyOrderCart.Domain", "src\MyOrderCart.Domain\MyOrderCart.Domain.csproj", "{8DECC148-9167-44E6-B526-72E938632631}"
EndProject
Project("{FAE04EC0-301F-11D3-BF4B-00C04F79EFBC}") = "MyOrderCart.Infrastructure", "src\MyOrderCart.Infrastructure\MyOrderCart.Infrastructure.csproj", "{C88E6EB5-411A-4046-B870-AB411FA70723}"
EndProject
Project("{2150E333-8FDC-42A3-9474-1A3956D46DE8}") = "tests", "tests", "{A623026F-C139-47F7-8BF5-50B65E62520E}"
EndProject
Project("{FAE04EC0-301F-11D3-BF4B-00C04F79EFBC}") = "MyOrderCart.UnitTests", "tests\MyOrderCart.UnitTests\MyOrderCart.UnitTests.csproj", "{C4619809-B962-443B-AB4C-3555257774F9}"
EndProject
Project("{FAE04EC0-301F-11D3-BF4B-00C04F79EFBC}") = "MyOrderCart.BlazorUI.Tests", "tests\MyOrderCart.BlazorUI.Tests\MyOrderCart.BlazorUI.Tests.csproj", "{DD6429CB-D50B-4CF0-85BA-00F39CAA10E5}"
EndProject
Global
	GlobalSection(SolutionConfigurationPlatforms) = preSolution
		Debug|Any CPU = Debug|Any CPU
		Release|Any CPU = Release|Any CPU
	EndGlobalSection
	GlobalSection(ProjectConfigurationPlatforms) = postSolution
		{062B6B9A-58C2-4CB9-9DD1-E10482055CC2}.Debug|Any CPU.ActiveCfg = Debug|Any CPU
		{062B6B9A-58C2-4CB9-9DD1-E10482055CC2}.Debug|Any CPU.Build.0 = Debug|Any CPU
		{062B6B9A-58C2-4CB9-9DD1-E10482055CC2}.Release|Any CPU.ActiveCfg = Release|Any CPU
		{062B6B9A-58C2-4CB9-9DD1-E10482055CC2}.Release|Any CPU.Build.0 = Release|Any CPU
		{9DFF4CD6-A746-42D5-BFA2-97593A266F3D}.Debug|Any CPU.ActiveCfg = Debug|Any CPU
		{9DFF4CD6-A746-42D5-BFA2-97593A266F3D}.Debug|Any CPU.Build.0 = Debug|Any CPU
		{9DFF4CD6-A746-42D5-BFA2-97593A266F3D}.Release|Any CPU.ActiveCfg = Release|Any CPU
		{9DFF4CD6-A746-42D5-BFA2-97593A266F3D}.Release|Any CPU.Build.0 = Release|Any CPU
		{8DECC148-9167-44E6-B526-72E938632631}.Debug|Any CPU.ActiveCfg = Debug|Any CPU
		{8DECC148-9167-44E6-B526-72E938632631}.Debug|Any CPU.Build.0 = Debug|Any CPU
		{8DECC148-9167-44E6-B526-72E938632631}.Release|Any CPU.ActiveCfg = Release|Any CPU
		{8DECC148-9167-44E6-B526-72E938632631}.Release|Any CPU.Build.0 = Release|Any CPU
		{C88E6EB5-411A-4046-B870-AB411FA70723}.Debug|Any CPU.ActiveCfg = Debug|Any CPU
		{C88E6EB5-411A-4046-B870-AB411FA70723}.Debug|Any CPU.Build.0 = Debug|Any CPU
		{C88E6EB5-411A-4046-B870-AB411FA70723}.Release|Any CPU.ActiveCfg = Release|Any CPU
		{C88E6EB5-411A-4046-B870-AB411FA70723}.Release|Any CPU.Build.0 = Release|Any CPU
		{C4619809-B962-443B-AB4C-3555257774F9}.Debug|Any CPU.ActiveCfg = Debug|Any CPU
		{C4619809-B962-443B-AB4C-3555257774F9}.Debug|Any CPU.Build.0 = Debug|Any CPU
		{C4619809-B962-443B-AB4C-3555257774F9}.Release|Any CPU.ActiveCfg = Release|Any CPU
		{C4619809-B962-443B-AB4C-3555257774F9}.Release|Any CPU.Build.0 = Release|Any CPU
		{DD6429CB-D50B-4CF0-85BA-00F39CAA10E5}.Debug|Any CPU.ActiveCfg = Debug|Any CPU
		{DD6429CB-D50B-4CF0-85BA-00F39CAA10E5}.Debug|Any CPU.Build.0 = Debug|Any CPU
		{DD6429CB-D50B-4CF0-85BA-00F39CAA10E5}.Release|Any CPU.ActiveCfg = Release|Any CPU
		{DD6429CB-D50B-4CF0-85BA-00F39CAA10E5}.Release|Any CPU.Build.0 = Release|Any CPU
	EndGlobalSection
	GlobalSection(SolutionProperties) = preSolution
		HideSolutionNode = FALSE
	EndGlobalSection
	GlobalSection(NestedProjects) = preSolution
		{9DFF4CD6-A746-42D5-BFA2-97593A266F3D} = {1FB76FBF-F5CC-478A-873F-78F33ED40DD1}
		{8DECC148-9167-44E6-B526-72E938632631} = {1FB76FBF-F5CC-478A-873F-78F33ED40DD1}
		{C88E6EB5-411A-4046-B870-AB411FA70723} = {1FB76FBF-F5CC-478A-873F-78F33ED40DD1}
		{C4619809-B962-443B-AB4C-3555257774F9} = {A623026F-C139-47F7-8BF5-50B65E62520E}
		{DD6429CB-D50B-4CF0-85BA-00F39CAA10E5} = {A623026F-C139-47F7-8BF5-50B65E62520E}
	EndGlobalSection
EndGlobal
